
Microsoft Visual Studio Solution File, Format Version 12.00
# Visual Studio Version 16
VisualStudioVersion = 16.0.32510.428
MinimumVisualStudioVersion = 10.0.40219.1
Project("{FAE04EC0-301F-11D3-BF4B-00C04F79EFBC}") = "DocumentProgram", "DocumentProgram\DocumentProgram.csproj", "{6AB79A32-4369-49B0-8201-C53F80609880}"
EndProject
Global
	GlobalSection(SolutionConfigurationPlatforms) = preSolution
		Debug|Any CPU = Debug|Any CPU
		Release|Any CPU = Release|Any CPU
	EndGlobalSection
	GlobalSection(ProjectConfigurationPlatforms) = postSolution
		{6AB79A32-4369-49B0-8201-C53F80609880}.Debug|Any CPU.ActiveCfg = Debug|Any CPU
		{6AB79A32-4369-49B0-8201-C53F80609880}.Debug|Any CPU.Build.0 = Debug|Any CPU
		{6AB79A32-4369-49B0-8201-C53F80609880}.Release|Any CPU.ActiveCfg = Release|Any CPU
		{6AB79A32-4369-49B0-8201-C53F80609880}.Release|Any CPU.Build.0 = Release|Any CPU
	EndGlobalSection
	GlobalSection(SolutionProperties) = preSolution
		HideSolutionNode = FALSE
	EndGlobalSection
	GlobalSection(ExtensibilityGlobals) = postSolution
		SolutionGuid = {FD9995C0-34D0-49C9-858A-041EDFD61213}
	EndGlobalSection
EndGlobal
